
Microsoft Visual Studio Solution File, Format Version 12.00
# Visual Studio 14
VisualStudioVersion = 14.0.25420.1
MinimumVisualStudioVersion = 10.0.40219.1
Project("{8BC9CEB8-8B4A-11D0-8D11-00A0C91BC942}") = "ConsoleApplication1", "ConsoleApplication1\ConsoleApplication1.vcxproj", "{A2A31FF3-3D94-496F-9981-389DF704D240}"
EndProject
Project("{8BC9CEB8-8B4A-11D0-8D11-00A0C91BC942}") = "TestClassPrivateInheritance", "TestClassPrivateInheritance\TestClassPrivateInheritance.vcxproj", "{5C1DFF2F-11CF-4A06-8F72-12AC2BA4B181}"
EndProject
Project("{8BC9CEB8-8B4A-11D0-8D11-00A0C91BC942}") = "AbstractClass", "AbstractClass\AbstractClass.vcxproj", "{14405B3A-CDC3-4D21-91AA-56008BB4C5FA}"
EndProject
Project("{8BC9CEB8-8B4A-11D0-8D11-00A0C91BC942}") = "OpenMPTest", "OpenMPTest\OpenMPTest.vcxproj", "{BDF918BB-BBDC-476F-B409-980E3E6725BF}"
EndProject
Project("{8BC9CEB8-8B4A-11D0-8D11-00A0C91BC942}") = "NumerateDateType", "NumerateDateType\NumerateDateType.vcxproj", "{C27810C0-3B29-4A5E-B174-1ECD15316293}"
EndProject
Project("{8BC9CEB8-8B4A-11D0-8D11-00A0C91BC942}") = "DrivedClass", "DrivedClass\DrivedClass.vcxproj", "{C5D7E2F0-ACF7-427D-B759-11FC4B7A2A10}"
EndProject
Project("{8BC9CEB8-8B4A-11D0-8D11-00A0C91BC942}") = "MoveLeftOperator", "MoveLeftOperator\MoveLeftOperator.vcxproj", "{FE82E542-922E-4110-9C2E-D7A89DAA07D4}"
EndProject
Project("{8BC9CEB8-8B4A-11D0-8D11-00A0C91BC942}") = "AndOperator", "AndOperator\AndOperator.vcxproj", "{D510366F-EC0E-4E18-AABA-C1285BBF82B2}"
EndProject
Project("{8BC9CEB8-8B4A-11D0-8D11-00A0C91BC942}") = "TestFFTW", "TestFFTW\TestFFTW.vcxproj", "{E7EA5355-2407-457F-A3D8-96398F72D317}"
EndProject
Project("{8BC9CEB8-8B4A-11D0-8D11-00A0C91BC942}") = "ClassDesignOperatorEq", "ClassDesignOperatorEq\ClassDesignOperatorEq.vcxproj", "{CCC4FF0E-4460-49A0-9A2B-4FACCA307239}"
EndProject
Project("{8BC9CEB8-8B4A-11D0-8D11-00A0C91BC942}") = "MapUsing", "MapUsing\MapUsing.vcxproj", "{4EA758F1-FB82-47A1-92C2-E5CF746DC552}"
EndProject
Project("{8BC9CEB8-8B4A-11D0-8D11-00A0C91BC942}") = "IppHistogram", "IppHistogram\IppHistogram.vcxproj", "{9C6A1EDD-55B5-41F4-999A-A6A9BA5BB810}"
EndProject
Project("{8BC9CEB8-8B4A-11D0-8D11-00A0C91BC942}") = "IppiAdd", "IppiAdd\IppiAdd.vcxproj", "{06A21051-FDCA-4C42-99B3-8997C345914C}"
EndProject
Project("{8BC9CEB8-8B4A-11D0-8D11-00A0C91BC942}") = "PhaseCorrelation", "PhaseCorrelation\PhaseCorrelation.vcxproj", "{F7F1D4C1-C3CF-4CCC-AC7F-F6DB7FC8D3BD}"
EndProject
Project("{8BC9CEB8-8B4A-11D0-8D11-00A0C91BC942}") = "TestPerformanceCrossCorrelationIPFFT", "TestPerformanceCrossCorrelationIPFFT\TestPerformanceCrossCorrelationIPFFT.vcxproj", "{4022F62D-53ED-4AC5-882A-9E3A7C4AA830}"
EndProject
Project("{8BC9CEB8-8B4A-11D0-8D11-00A0C91BC942}") = "FFT_IPP_CC", "FFT_IPP_CC\FFT_IPP_CC.vcxproj", "{D460035F-BF78-495B-9AE7-2B88D426FC37}"
EndProject
Project("{8BC9CEB8-8B4A-11D0-8D11-00A0C91BC942}") = "TestIppCopy", "TestIppCopy\TestIppCopy.vcxproj", "{B810E53D-0C1E-4BEE-BC07-09AB73928C66}"
EndProject
Project("{8BC9CEB8-8B4A-11D0-8D11-00A0C91BC942}") = "TestIPPCopy2", "TestIPPCopy2\TestIPPCopy2.vcxproj", "{26152E3F-DC36-4AD1-B9A6-DA259D1889B3}"
EndProject
Project("{8BC9CEB8-8B4A-11D0-8D11-00A0C91BC942}") = "TestConvert8u32f", "TestConvert8u32f\TestConvert8u32f.vcxproj", "{68222BBC-3D5D-48CB-913D-8814300754C8}"
EndProject
Project("{8BC9CEB8-8B4A-11D0-8D11-00A0C91BC942}") = "TestMagnitude", "TestMagnitude\TestMagnitude.vcxproj", "{B6A10DF7-37DC-4CDC-8C16-C41DFA7199EF}"
EndProject
Project("{8BC9CEB8-8B4A-11D0-8D11-00A0C91BC942}") = "ippMean", "ippMean\ippMean.vcxproj", "{E3E96035-015D-42E2-A2FB-24491E7E99DF}"
EndProject
Project("{8BC9CEB8-8B4A-11D0-8D11-00A0C91BC942}") = "opencv_dft", "opencv_dft\opencv_dft.vcxproj", "{E47C2CE1-911E-40C3-B796-FC223C35F955}"
EndProject
Project("{8BC9CEB8-8B4A-11D0-8D11-00A0C91BC942}") = "openv_fft", "openv_fft\openv_fft.vcxproj", "{FA442728-313E-459D-A59E-AB5026CF5CA5}"
EndProject
Project("{8BC9CEB8-8B4A-11D0-8D11-00A0C91BC942}") = "IppImageShow", "IppImageShow\IppImageShow.vcxproj", "{E49C2192-11C0-48F5-A830-D8829FFB60B6}"
EndProject
Project("{8BC9CEB8-8B4A-11D0-8D11-00A0C91BC942}") = "gammaCorrection", "gammaCorrection\gammaCorrection.vcxproj", "{99AC8799-A927-476B-8FDF-1D704A265CCD}"
EndProject
Project("{8BC9CEB8-8B4A-11D0-8D11-00A0C91BC942}") = "TestRand", "TestRand\TestRand.vcxproj", "{1DDFF562-3BE4-4D05-A0D5-817E1CA1CDD8}"
EndProject
Global
	GlobalSection(SolutionConfigurationPlatforms) = preSolution
		Debug|x64 = Debug|x64
		Debug|x86 = Debug|x86
		Release|x64 = Release|x64
		Release|x86 = Release|x86
	EndGlobalSection
	GlobalSection(ProjectConfigurationPlatforms) = postSolution
		{A2A31FF3-3D94-496F-9981-389DF704D240}.Debug|x64.ActiveCfg = Debug|x64
		{A2A31FF3-3D94-496F-9981-389DF704D240}.Debug|x64.Build.0 = Debug|x64
		{A2A31FF3-3D94-496F-9981-389DF704D240}.Debug|x86.ActiveCfg = Debug|Win32
		{A2A31FF3-3D94-496F-9981-389DF704D240}.Debug|x86.Build.0 = Debug|Win32
		{A2A31FF3-3D94-496F-9981-389DF704D240}.Release|x64.ActiveCfg = Release|x64
		{A2A31FF3-3D94-496F-9981-389DF704D240}.Release|x64.Build.0 = Release|x64
		{A2A31FF3-3D94-496F-9981-389DF704D240}.Release|x86.ActiveCfg = Release|Win32
		{A2A31FF3-3D94-496F-9981-389DF704D240}.Release|x86.Build.0 = Release|Win32
		{5C1DFF2F-11CF-4A06-8F72-12AC2BA4B181}.Debug|x64.ActiveCfg = Debug|x64
		{5C1DFF2F-11CF-4A06-8F72-12AC2BA4B181}.Debug|x64.Build.0 = Debug|x64
		{5C1DFF2F-11CF-4A06-8F72-12AC2BA4B181}.Debug|x86.ActiveCfg = Debug|Win32
		{5C1DFF2F-11CF-4A06-8F72-12AC2BA4B181}.Debug|x86.Build.0 = Debug|Win32
		{5C1DFF2F-11CF-4A06-8F72-12AC2BA4B181}.Release|x64.ActiveCfg = Release|x64
		{5C1DFF2F-11CF-4A06-8F72-12AC2BA4B181}.Release|x64.Build.0 = Release|x64
		{5C1DFF2F-11CF-4A06-8F72-12AC2BA4B181}.Release|x86.ActiveCfg = Release|Win32
		{5C1DFF2F-11CF-4A06-8F72-12AC2BA4B181}.Release|x86.Build.0 = Release|Win32
		{14405B3A-CDC3-4D21-91AA-56008BB4C5FA}.Debug|x64.ActiveCfg = Debug|x64
		{14405B3A-CDC3-4D21-91AA-56008BB4C5FA}.Debug|x64.Build.0 = Debug|x64
		{14405B3A-CDC3-4D21-91AA-56008BB4C5FA}.Debug|x86.ActiveCfg = Debug|Win32
		{14405B3A-CDC3-4D21-91AA-56008BB4C5FA}.Debug|x86.Build.0 = Debug|Win32
		{14405B3A-CDC3-4D21-91AA-56008BB4C5FA}.Release|x64.ActiveCfg = Release|x64
		{14405B3A-CDC3-4D21-91AA-56008BB4C5FA}.Release|x64.Build.0 = Release|x64
		{14405B3A-CDC3-4D21-91AA-56008BB4C5FA}.Release|x86.ActiveCfg = Release|Win32
		{14405B3A-CDC3-4D21-91AA-56008BB4C5FA}.Release|x86.Build.0 = Release|Win32
		{BDF918BB-BBDC-476F-B409-980E3E6725BF}.Debug|x64.ActiveCfg = Debug|x64
		{BDF918BB-BBDC-476F-B409-980E3E6725BF}.Debug|x64.Build.0 = Debug|x64
		{BDF918BB-BBDC-476F-B409-980E3E6725BF}.Debug|x86.ActiveCfg = Debug|Win32
		{BDF918BB-BBDC-476F-B409-980E3E6725BF}.Debug|x86.Build.0 = Debug|Win32
		{BDF918BB-BBDC-476F-B409-980E3E6725BF}.Release|x64.ActiveCfg = Release|x64
		{BDF918BB-BBDC-476F-B409-980E3E6725BF}.Release|x64.Build.0 = Release|x64
		{BDF918BB-BBDC-476F-B409-980E3E6725BF}.Release|x86.ActiveCfg = Release|Win32
		{BDF918BB-BBDC-476F-B409-980E3E6725BF}.Release|x86.Build.0 = Release|Win32
		{C27810C0-3B29-4A5E-B174-1ECD15316293}.Debug|x64.ActiveCfg = Debug|x64
		{C27810C0-3B29-4A5E-B174-1ECD15316293}.Debug|x64.Build.0 = Debug|x64
		{C27810C0-3B29-4A5E-B174-1ECD15316293}.Debug|x86.ActiveCfg = Debug|Win32
		{C27810C0-3B29-4A5E-B174-1ECD15316293}.Debug|x86.Build.0 = Debug|Win32
		{C27810C0-3B29-4A5E-B174-1ECD15316293}.Release|x64.ActiveCfg = Release|x64
		{C27810C0-3B29-4A5E-B174-1ECD15316293}.Release|x64.Build.0 = Release|x64
		{C27810C0-3B29-4A5E-B174-1ECD15316293}.Release|x86.ActiveCfg = Release|Win32
		{C27810C0-3B29-4A5E-B174-1ECD15316293}.Release|x86.Build.0 = Release|Win32
		{C5D7E2F0-ACF7-427D-B759-11FC4B7A2A10}.Debug|x64.ActiveCfg = Debug|x64
		{C5D7E2F0-ACF7-427D-B759-11FC4B7A2A10}.Debug|x64.Build.0 = Debug|x64
		{C5D7E2F0-ACF7-427D-B759-11FC4B7A2A10}.Debug|x86.ActiveCfg = Debug|Win32
		{C5D7E2F0-ACF7-427D-B759-11FC4B7A2A10}.Debug|x86.Build.0 = Debug|Win32
		{C5D7E2F0-ACF7-427D-B759-11FC4B7A2A10}.Release|x64.ActiveCfg = Release|x64
		{C5D7E2F0-ACF7-427D-B759-11FC4B7A2A10}.Release|x64.Build.0 = Release|x64
		{C5D7E2F0-ACF7-427D-B759-11FC4B7A2A10}.Release|x86.ActiveCfg = Release|Win32
		{C5D7E2F0-ACF7-427D-B759-11FC4B7A2A10}.Release|x86.Build.0 = Release|Win32
		{FE82E542-922E-4110-9C2E-D7A89DAA07D4}.Debug|x64.ActiveCfg = Debug|x64
		{FE82E542-922E-4110-9C2E-D7A89DAA07D4}.Debug|x64.Build.0 = Debug|x64
		{FE82E542-922E-4110-9C2E-D7A89DAA07D4}.Debug|x86.ActiveCfg = Debug|Win32
		{FE82E542-922E-4110-9C2E-D7A89DAA07D4}.Debug|x86.Build.0 = Debug|Win32
		{FE82E542-922E-4110-9C2E-D7A89DAA07D4}.Release|x64.ActiveCfg = Release|x64
		{FE82E542-922E-4110-9C2E-D7A89DAA07D4}.Release|x64.Build.0 = Release|x64
		{FE82E542-922E-4110-9C2E-D7A89DAA07D4}.Release|x86.ActiveCfg = Release|Win32
		{FE82E542-922E-4110-9C2E-D7A89DAA07D4}.Release|x86.Build.0 = Release|Win32
		{D510366F-EC0E-4E18-AABA-C1285BBF82B2}.Debug|x64.ActiveCfg = Debug|x64
		{D510366F-EC0E-4E18-AABA-C1285BBF82B2}.Debug|x64.Build.0 = Debug|x64
		{D510366F-EC0E-4E18-AABA-C1285BBF82B2}.Debug|x86.ActiveCfg = Debug|Win32
		{D510366F-EC0E-4E18-AABA-C1285BBF82B2}.Debug|x86.Build.0 = Debug|Win32
		{D510366F-EC0E-4E18-AABA-C1285BBF82B2}.Release|x64.ActiveCfg = Release|x64
		{D510366F-EC0E-4E18-AABA-C1285BBF82B2}.Release|x64.Build.0 = Release|x64
		{D510366F-EC0E-4E18-AABA-C1285BBF82B2}.Release|x86.ActiveCfg = Release|Win32
		{D510366F-EC0E-4E18-AABA-C1285BBF82B2}.Release|x86.Build.0 = Release|Win32
		{E7EA5355-2407-457F-A3D8-96398F72D317}.Debug|x64.ActiveCfg = Debug|x64
		{E7EA5355-2407-457F-A3D8-96398F72D317}.Debug|x64.Build.0 = Debug|x64
		{E7EA5355-2407-457F-A3D8-96398F72D317}.Debug|x86.ActiveCfg = Debug|Win32
		{E7EA5355-2407-457F-A3D8-96398F72D317}.Debug|x86.Build.0 = Debug|Win32
		{E7EA5355-2407-457F-A3D8-96398F72D317}.Release|x64.ActiveCfg = Release|x64
		{E7EA5355-2407-457F-A3D8-96398F72D317}.Release|x64.Build.0 = Release|x64
		{E7EA5355-2407-457F-A3D8-96398F72D317}.Release|x86.ActiveCfg = Release|Win32
		{E7EA5355-2407-457F-A3D8-96398F72D317}.Release|x86.Build.0 = Release|Win32
		{CCC4FF0E-4460-49A0-9A2B-4FACCA307239}.Debug|x64.ActiveCfg = Debug|x64
		{CCC4FF0E-4460-49A0-9A2B-4FACCA307239}.Debug|x64.Build.0 = Debug|x64
		{CCC4FF0E-4460-49A0-9A2B-4FACCA307239}.Debug|x86.ActiveCfg = Debug|Win32
		{CCC4FF0E-4460-49A0-9A2B-4FACCA307239}.Debug|x86.Build.0 = Debug|Win32
		{CCC4FF0E-4460-49A0-9A2B-4FACCA307239}.Release|x64.ActiveCfg = Release|x64
		{CCC4FF0E-4460-49A0-9A2B-4FACCA307239}.Release|x64.Build.0 = Release|x64
		{CCC4FF0E-4460-49A0-9A2B-4FACCA307239}.Release|x86.ActiveCfg = Release|Win32
		{CCC4FF0E-4460-49A0-9A2B-4FACCA307239}.Release|x86.Build.0 = Release|Win32
		{4EA758F1-FB82-47A1-92C2-E5CF746DC552}.Debug|x64.ActiveCfg = Debug|x64
		{4EA758F1-FB82-47A1-92C2-E5CF746DC552}.Debug|x64.Build.0 = Debug|x64
		{4EA758F1-FB82-47A1-92C2-E5CF746DC552}.Debug|x86.ActiveCfg = Debug|Win32
		{4EA758F1-FB82-47A1-92C2-E5CF746DC552}.Debug|x86.Build.0 = Debug|Win32
		{4EA758F1-FB82-47A1-92C2-E5CF746DC552}.Release|x64.ActiveCfg = Release|x64
		{4EA758F1-FB82-47A1-92C2-E5CF746DC552}.Release|x64.Build.0 = Release|x64
		{4EA758F1-FB82-47A1-92C2-E5CF746DC552}.Release|x86.ActiveCfg = Release|Win32
		{4EA758F1-FB82-47A1-92C2-E5CF746DC552}.Release|x86.Build.0 = Release|Win32
		{9C6A1EDD-55B5-41F4-999A-A6A9BA5BB810}.Debug|x64.ActiveCfg = Debug|x64
		{9C6A1EDD-55B5-41F4-999A-A6A9BA5BB810}.Debug|x64.Build.0 = Debug|x64
		{9C6A1EDD-55B5-41F4-999A-A6A9BA5BB810}.Debug|x86.ActiveCfg = Debug|Win32
		{9C6A1EDD-55B5-41F4-999A-A6A9BA5BB810}.Debug|x86.Build.0 = Debug|Win32
		{9C6A1EDD-55B5-41F4-999A-A6A9BA5BB810}.Release|x64.ActiveCfg = Release|x64
		{9C6A1EDD-55B5-41F4-999A-A6A9BA5BB810}.Release|x64.Build.0 = Release|x64
		{9C6A1EDD-55B5-41F4-999A-A6A9BA5BB810}.Release|x86.ActiveCfg = Release|Win32
		{9C6A1EDD-55B5-41F4-999A-A6A9BA5BB810}.Release|x86.Build.0 = Release|Win32
		{06A21051-FDCA-4C42-99B3-8997C345914C}.Debug|x64.ActiveCfg = Debug|x64
		{06A21051-FDCA-4C42-99B3-8997C345914C}.Debug|x64.Build.0 = Debug|x64
		{06A21051-FDCA-4C42-99B3-8997C345914C}.Debug|x86.ActiveCfg = Debug|Win32
		{06A21051-FDCA-4C42-99B3-8997C345914C}.Debug|x86.Build.0 = Debug|Win32
		{06A21051-FDCA-4C42-99B3-8997C345914C}.Release|x64.ActiveCfg = Release|x64
		{06A21051-FDCA-4C42-99B3-8997C345914C}.Release|x64.Build.0 = Release|x64
		{06A21051-FDCA-4C42-99B3-8997C345914C}.Release|x86.ActiveCfg = Release|Win32
		{06A21051-FDCA-4C42-99B3-8997C345914C}.Release|x86.Build.0 = Release|Win32
		{F7F1D4C1-C3CF-4CCC-AC7F-F6DB7FC8D3BD}.Debug|x64.ActiveCfg = Debug|x64
		{F7F1D4C1-C3CF-4CCC-AC7F-F6DB7FC8D3BD}.Debug|x64.Build.0 = Debug|x64
		{F7F1D4C1-C3CF-4CCC-AC7F-F6DB7FC8D3BD}.Debug|x86.ActiveCfg = Debug|Win32
		{F7F1D4C1-C3CF-4CCC-AC7F-F6DB7FC8D3BD}.Debug|x86.Build.0 = Debug|Win32
		{F7F1D4C1-C3CF-4CCC-AC7F-F6DB7FC8D3BD}.Release|x64.ActiveCfg = Release|x64
		{F7F1D4C1-C3CF-4CCC-AC7F-F6DB7FC8D3BD}.Release|x64.Build.0 = Release|x64
		{F7F1D4C1-C3CF-4CCC-AC7F-F6DB7FC8D3BD}.Release|x86.ActiveCfg = Release|Win32
		{F7F1D4C1-C3CF-4CCC-AC7F-F6DB7FC8D3BD}.Release|x86.Build.0 = Release|Win32
		{4022F62D-53ED-4AC5-882A-9E3A7C4AA830}.Debug|x64.ActiveCfg = Debug|x64
		{4022F62D-53ED-4AC5-882A-9E3A7C4AA830}.Debug|x64.Build.0 = Debug|x64
		{4022F62D-53ED-4AC5-882A-9E3A7C4AA830}.Debug|x86.ActiveCfg = Debug|Win32
		{4022F62D-53ED-4AC5-882A-9E3A7C4AA830}.Debug|x86.Build.0 = Debug|Win32
		{4022F62D-53ED-4AC5-882A-9E3A7C4AA830}.Release|x64.ActiveCfg = Release|x64
		{4022F62D-53ED-4AC5-882A-9E3A7C4AA830}.Release|x64.Build.0 = Release|x64
		{4022F62D-53ED-4AC5-882A-9E3A7C4AA830}.Release|x86.ActiveCfg = Release|Win32
		{4022F62D-53ED-4AC5-882A-9E3A7C4AA830}.Release|x86.Build.0 = Release|Win32
		{D460035F-BF78-495B-9AE7-2B88D426FC37}.Debug|x64.ActiveCfg = Debug|x64
		{D460035F-BF78-495B-9AE7-2B88D426FC37}.Debug|x64.Build.0 = Debug|x64
		{D460035F-BF78-495B-9AE7-2B88D426FC37}.Debug|x86.ActiveCfg = Debug|Win32
		{D460035F-BF78-495B-9AE7-2B88D426FC37}.Debug|x86.Build.0 = Debug|Win32
		{D460035F-BF78-495B-9AE7-2B88D426FC37}.Release|x64.ActiveCfg = Release|x64
		{D460035F-BF78-495B-9AE7-2B88D426FC37}.Release|x64.Build.0 = Release|x64
		{D460035F-BF78-495B-9AE7-2B88D426FC37}.Release|x86.ActiveCfg = Release|Win32
		{D460035F-BF78-495B-9AE7-2B88D426FC37}.Release|x86.Build.0 = Release|Win32
		{B810E53D-0C1E-4BEE-BC07-09AB73928C66}.Debug|x64.ActiveCfg = Debug|x64
		{B810E53D-0C1E-4BEE-BC07-09AB73928C66}.Debug|x64.Build.0 = Debug|x64
		{B810E53D-0C1E-4BEE-BC07-09AB73928C66}.Debug|x86.ActiveCfg = Debug|Win32
		{B810E53D-0C1E-4BEE-BC07-09AB73928C66}.Debug|x86.Build.0 = Debug|Win32
		{B810E53D-0C1E-4BEE-BC07-09AB73928C66}.Release|x64.ActiveCfg = Release|x64
		{B810E53D-0C1E-4BEE-BC07-09AB73928C66}.Release|x64.Build.0 = Release|x64
		{B810E53D-0C1E-4BEE-BC07-09AB73928C66}.Release|x86.ActiveCfg = Release|Win32
		{B810E53D-0C1E-4BEE-BC07-09AB73928C66}.Release|x86.Build.0 = Release|Win32
		{26152E3F-DC36-4AD1-B9A6-DA259D1889B3}.Debug|x64.ActiveCfg = Debug|x64
		{26152E3F-DC36-4AD1-B9A6-DA259D1889B3}.Debug|x64.Build.0 = Debug|x64
		{26152E3F-DC36-4AD1-B9A6-DA259D1889B3}.Debug|x86.ActiveCfg = Debug|Win32
		{26152E3F-DC36-4AD1-B9A6-DA259D1889B3}.Debug|x86.Build.0 = Debug|Win32
		{26152E3F-DC36-4AD1-B9A6-DA259D1889B3}.Release|x64.ActiveCfg = Release|x64
		{26152E3F-DC36-4AD1-B9A6-DA259D1889B3}.Release|x64.Build.0 = Release|x64
		{26152E3F-DC36-4AD1-B9A6-DA259D1889B3}.Release|x86.ActiveCfg = Release|Win32
		{26152E3F-DC36-4AD1-B9A6-DA259D1889B3}.Release|x86.Build.0 = Release|Win32
		{68222BBC-3D5D-48CB-913D-8814300754C8}.Debug|x64.ActiveCfg = Debug|x64
		{68222BBC-3D5D-48CB-913D-8814300754C8}.Debug|x64.Build.0 = Debug|x64
		{68222BBC-3D5D-48CB-913D-8814300754C8}.Debug|x86.ActiveCfg = Debug|Win32
		{68222BBC-3D5D-48CB-913D-8814300754C8}.Debug|x86.Build.0 = Debug|Win32
		{68222BBC-3D5D-48CB-913D-8814300754C8}.Release|x64.ActiveCfg = Release|x64
		{68222BBC-3D5D-48CB-913D-8814300754C8}.Release|x64.Build.0 = Release|x64
		{68222BBC-3D5D-48CB-913D-8814300754C8}.Release|x86.ActiveCfg = Release|Win32
		{68222BBC-3D5D-48CB-913D-8814300754C8}.Release|x86.Build.0 = Release|Win32
		{B6A10DF7-37DC-4CDC-8C16-C41DFA7199EF}.Debug|x64.ActiveCfg = Debug|x64
		{B6A10DF7-37DC-4CDC-8C16-C41DFA7199EF}.Debug|x64.Build.0 = Debug|x64
		{B6A10DF7-37DC-4CDC-8C16-C41DFA7199EF}.Debug|x86.ActiveCfg = Debug|Win32
		{B6A10DF7-37DC-4CDC-8C16-C41DFA7199EF}.Debug|x86.Build.0 = Debug|Win32
		{B6A10DF7-37DC-4CDC-8C16-C41DFA7199EF}.Release|x64.ActiveCfg = Release|x64
		{B6A10DF7-37DC-4CDC-8C16-C41DFA7199EF}.Release|x64.Build.0 = Release|x64
		{B6A10DF7-37DC-4CDC-8C16-C41DFA7199EF}.Release|x86.ActiveCfg = Release|Win32
		{B6A10DF7-37DC-4CDC-8C16-C41DFA7199EF}.Release|x86.Build.0 = Release|Win32
		{E3E96035-015D-42E2-A2FB-24491E7E99DF}.Debug|x64.ActiveCfg = Debug|x64
		{E3E96035-015D-42E2-A2FB-24491E7E99DF}.Debug|x64.Build.0 = Debug|x64
		{E3E96035-015D-42E2-A2FB-24491E7E99DF}.Debug|x86.ActiveCfg = Debug|Win32
		{E3E96035-015D-42E2-A2FB-24491E7E99DF}.Debug|x86.Build.0 = Debug|Win32
		{E3E96035-015D-42E2-A2FB-24491E7E99DF}.Release|x64.ActiveCfg = Release|x64
		{E3E96035-015D-42E2-A2FB-24491E7E99DF}.Release|x64.Build.0 = Release|x64
		{E3E96035-015D-42E2-A2FB-24491E7E99DF}.Release|x86.ActiveCfg = Release|Win32
		{E3E96035-015D-42E2-A2FB-24491E7E99DF}.Release|x86.Build.0 = Release|Win32
		{E47C2CE1-911E-40C3-B796-FC223C35F955}.Debug|x64.ActiveCfg = Debug|x64
		{E47C2CE1-911E-40C3-B796-FC223C35F955}.Debug|x64.Build.0 = Debug|x64
		{E47C2CE1-911E-40C3-B796-FC223C35F955}.Debug|x86.ActiveCfg = Debug|Win32
		{E47C2CE1-911E-40C3-B796-FC223C35F955}.Debug|x86.Build.0 = Debug|Win32
		{E47C2CE1-911E-40C3-B796-FC223C35F955}.Release|x64.ActiveCfg = Release|x64
		{E47C2CE1-911E-40C3-B796-FC223C35F955}.Release|x64.Build.0 = Release|x64
		{E47C2CE1-911E-40C3-B796-FC223C35F955}.Release|x86.ActiveCfg = Release|Win32
		{E47C2CE1-911E-40C3-B796-FC223C35F955}.Release|x86.Build.0 = Release|Win32
		{FA442728-313E-459D-A59E-AB5026CF5CA5}.Debug|x64.ActiveCfg = Debug|x64
		{FA442728-313E-459D-A59E-AB5026CF5CA5}.Debug|x64.Build.0 = Debug|x64
		{FA442728-313E-459D-A59E-AB5026CF5CA5}.Debug|x86.ActiveCfg = Debug|Win32
		{FA442728-313E-459D-A59E-AB5026CF5CA5}.Debug|x86.Build.0 = Debug|Win32
		{FA442728-313E-459D-A59E-AB5026CF5CA5}.Release|x64.ActiveCfg = Release|x64
		{FA442728-313E-459D-A59E-AB5026CF5CA5}.Release|x64.Build.0 = Release|x64
		{FA442728-313E-459D-A59E-AB5026CF5CA5}.Release|x86.ActiveCfg = Release|Win32
		{FA442728-313E-459D-A59E-AB5026CF5CA5}.Release|x86.Build.0 = Release|Win32
		{E49C2192-11C0-48F5-A830-D8829FFB60B6}.Debug|x64.ActiveCfg = Debug|x64
		{E49C2192-11C0-48F5-A830-D8829FFB60B6}.Debug|x64.Build.0 = Debug|x64
		{E49C2192-11C0-48F5-A830-D8829FFB60B6}.Debug|x86.ActiveCfg = Debug|Win32
		{E49C2192-11C0-48F5-A830-D8829FFB60B6}.Debug|x86.Build.0 = Debug|Win32
		{E49C2192-11C0-48F5-A830-D8829FFB60B6}.Release|x64.ActiveCfg = Release|x64
		{E49C2192-11C0-48F5-A830-D8829FFB60B6}.Release|x64.Build.0 = Release|x64
		{E49C2192-11C0-48F5-A830-D8829FFB60B6}.Release|x86.ActiveCfg = Release|Win32
		{E49C2192-11C0-48F5-A830-D8829FFB60B6}.Release|x86.Build.0 = Release|Win32
		{99AC8799-A927-476B-8FDF-1D704A265CCD}.Debug|x64.ActiveCfg = Debug|x64
		{99AC8799-A927-476B-8FDF-1D704A265CCD}.Debug|x64.Build.0 = Debug|x64
		{99AC8799-A927-476B-8FDF-1D704A265CCD}.Debug|x86.ActiveCfg = Debug|Win32
		{99AC8799-A927-476B-8FDF-1D704A265CCD}.Debug|x86.Build.0 = Debug|Win32
		{99AC8799-A927-476B-8FDF-1D704A265CCD}.Release|x64.ActiveCfg = Release|x64
		{99AC8799-A927-476B-8FDF-1D704A265CCD}.Release|x64.Build.0 = Release|x64
		{99AC8799-A927-476B-8FDF-1D704A265CCD}.Release|x86.ActiveCfg = Release|Win32
		{99AC8799-A927-476B-8FDF-1D704A265CCD}.Release|x86.Build.0 = Release|Win32
		{1DDFF562-3BE4-4D05-A0D5-817E1CA1CDD8}.Debug|x64.ActiveCfg = Debug|x64
		{1DDFF562-3BE4-4D05-A0D5-817E1CA1CDD8}.Debug|x64.Build.0 = Debug|x64
		{1DDFF562-3BE4-4D05-A0D5-817E1CA1CDD8}.Debug|x86.ActiveCfg = Debug|Win32
		{1DDFF562-3BE4-4D05-A0D5-817E1CA1CDD8}.Debug|x86.Build.0 = Debug|Win32
		{1DDFF562-3BE4-4D05-A0D5-817E1CA1CDD8}.Release|x64.ActiveCfg = Release|x64
		{1DDFF562-3BE4-4D05-A0D5-817E1CA1CDD8}.Release|x64.Build.0 = Release|x64
		{1DDFF562-3BE4-4D05-A0D5-817E1CA1CDD8}.Release|x86.ActiveCfg = Release|Win32
		{1DDFF562-3BE4-4D05-A0D5-817E1CA1CDD8}.Release|x86.Build.0 = Release|Win32
	EndGlobalSection
	GlobalSection(SolutionProperties) = preSolution
		HideSolutionNode = FALSE
	EndGlobalSection
EndGlobal
