
Microsoft Visual Studio Solution File, Format Version 12.00
# Visual Studio 14
VisualStudioVersion = 14.0.25420.1
MinimumVisualStudioVersion = 10.0.40219.1
Project("{8BC9CEB8-8B4A-11D0-8D11-00A0C91BC942}") = "OpencvBuildTest", "OpencvBuildTest\OpencvBuildTest.vcxproj", "{C411DB01-22DB-4E4F-92EE-8702240B7773}"
EndProject
Project("{8BC9CEB8-8B4A-11D0-8D11-00A0C91BC942}") = "LoadCaffeModule", "LoadCaffeModule\LoadCaffeModule.vcxproj", "{F4941D3C-638A-4C09-8FAB-40F33E5C9A56}"
EndProject
Project("{8BC9CEB8-8B4A-11D0-8D11-00A0C91BC942}") = "BasicLineTransform", "BasicLineTransform\BasicLineTransform.vcxproj", "{E6ED44A5-5286-45F6-AB4F-CA85795066E2}"
EndProject
Project("{8BC9CEB8-8B4A-11D0-8D11-00A0C91BC942}") = "HoughLinesP", "HoughLinesP\HoughLinesP.vcxproj", "{D166F398-843D-47F8-8C6B-C31BF67F25B7}"
EndProject
Project("{8BC9CEB8-8B4A-11D0-8D11-00A0C91BC942}") = "VideoTest", "VideoTest\VideoTest.vcxproj", "{99819892-0D4C-4B17-BE63-77A415DB186E}"
EndProject
Project("{8BC9CEB8-8B4A-11D0-8D11-00A0C91BC942}") = "ImageFeatureDetection", "ImageFeatureDetection\ImageFeatureDetection.vcxproj", "{4568AABD-C3B6-435F-BB11-0EABC6F5536A}"
EndProject
Project("{8BC9CEB8-8B4A-11D0-8D11-00A0C91BC942}") = "OpticFlow_Demo1", "OpticFlow_Demo1\OpticFlow_Demo1.vcxproj", "{138B60FE-8B4F-4FAA-ADD1-1EF658D4F3CD}"
EndProject
Project("{8BC9CEB8-8B4A-11D0-8D11-00A0C91BC942}") = "FeatureDetector", "FeatureDetector\FeatureDetector.vcxproj", "{3F1BA03B-10C1-4936-BB82-FC28E8D53AC5}"
EndProject
Project("{8BC9CEB8-8B4A-11D0-8D11-00A0C91BC942}") = "FeatureDetector_2", "FeatureDetector_2\FeatureDetector_2.vcxproj", "{0DDA0982-2F4D-42E1-A37C-88B84E5DF8F5}"
EndProject
Project("{8BC9CEB8-8B4A-11D0-8D11-00A0C91BC942}") = "FeatureDetector_3", "FeatureDetector_3\FeatureDetector_3.vcxproj", "{0A98B0E9-B8E1-4C2B-A8CF-07EDD831F799}"
EndProject
Project("{8BC9CEB8-8B4A-11D0-8D11-00A0C91BC942}") = "FeatureDetector_4", "FeatureDetector_4\FeatureDetector_4.vcxproj", "{92F5C80C-C271-40A1-993F-75DF4D4180F2}"
EndProject
Project("{8BC9CEB8-8B4A-11D0-8D11-00A0C91BC942}") = "FeatureDetector_5", "FeatureDetector_5\FeatureDetector_5.vcxproj", "{D75576C3-5D2D-4B82-8A84-D53DC07E61EB}"
EndProject
Project("{8BC9CEB8-8B4A-11D0-8D11-00A0C91BC942}") = "FeatureDetector_orb", "FeatureDetector_orb\FeatureDetector_orb.vcxproj", "{77BDC33A-C1AD-470A-AE64-63ECFD7C7D51}"
EndProject
Project("{8BC9CEB8-8B4A-11D0-8D11-00A0C91BC942}") = "Image_alignment", "Image_alignment\Image_alignment.vcxproj", "{788F23BF-4672-4095-BA06-98806C428EB1}"
EndProject
Project("{8BC9CEB8-8B4A-11D0-8D11-00A0C91BC942}") = "Image_alignment_2", "Image_alignment_2\Image_alignment_2.vcxproj", "{F7619293-2A2D-49CE-904E-C9C580628955}"
EndProject
Project("{8BC9CEB8-8B4A-11D0-8D11-00A0C91BC942}") = "IppToOpenCV", "IppToOpenCV\IppToOpenCV.vcxproj", "{AAB3D4FE-D1AD-42C0-B874-82B5B49E0BB1}"
EndProject
Project("{8BC9CEB8-8B4A-11D0-8D11-00A0C91BC942}") = "IntegralImage", "IntegralImage\IntegralImage.vcxproj", "{CE877995-9605-4DEC-9E4F-58716C6E4B22}"
EndProject
Project("{8BC9CEB8-8B4A-11D0-8D11-00A0C91BC942}") = "imageAlignment_LK", "imageAlignment_LK\imageAlignment_LK.vcxproj", "{9E86DA5D-B485-44F7-99B4-6DDE36609DFF}"
EndProject
Project("{8BC9CEB8-8B4A-11D0-8D11-00A0C91BC942}") = "OpenCVMapMethod", "OpenCVMapMethod\OpenCVMapMethod.vcxproj", "{8E2E0898-87BA-4B29-9E54-F2674A8CEDCF}"
EndProject
Project("{8BC9CEB8-8B4A-11D0-8D11-00A0C91BC942}") = "image_alignment_3", "image_alignment_3\image_alignment_3.vcxproj", "{B60F5796-CAED-45BD-96EB-CBFE1111E71C}"
EndProject
Global
	GlobalSection(SolutionConfigurationPlatforms) = preSolution
		Debug|x64 = Debug|x64
		Debug|x86 = Debug|x86
		Release|x64 = Release|x64
		Release|x86 = Release|x86
	EndGlobalSection
	GlobalSection(ProjectConfigurationPlatforms) = postSolution
		{C411DB01-22DB-4E4F-92EE-8702240B7773}.Debug|x64.ActiveCfg = Debug|x64
		{C411DB01-22DB-4E4F-92EE-8702240B7773}.Debug|x64.Build.0 = Debug|x64
		{C411DB01-22DB-4E4F-92EE-8702240B7773}.Debug|x86.ActiveCfg = Debug|Win32
		{C411DB01-22DB-4E4F-92EE-8702240B7773}.Debug|x86.Build.0 = Debug|Win32
		{C411DB01-22DB-4E4F-92EE-8702240B7773}.Release|x64.ActiveCfg = Release|x64
		{C411DB01-22DB-4E4F-92EE-8702240B7773}.Release|x64.Build.0 = Release|x64
		{C411DB01-22DB-4E4F-92EE-8702240B7773}.Release|x86.ActiveCfg = Release|Win32
		{C411DB01-22DB-4E4F-92EE-8702240B7773}.Release|x86.Build.0 = Release|Win32
		{F4941D3C-638A-4C09-8FAB-40F33E5C9A56}.Debug|x64.ActiveCfg = Debug|x64
		{F4941D3C-638A-4C09-8FAB-40F33E5C9A56}.Debug|x64.Build.0 = Debug|x64
		{F4941D3C-638A-4C09-8FAB-40F33E5C9A56}.Debug|x86.ActiveCfg = Debug|Win32
		{F4941D3C-638A-4C09-8FAB-40F33E5C9A56}.Debug|x86.Build.0 = Debug|Win32
		{F4941D3C-638A-4C09-8FAB-40F33E5C9A56}.Release|x64.ActiveCfg = Release|x64
		{F4941D3C-638A-4C09-8FAB-40F33E5C9A56}.Release|x64.Build.0 = Release|x64
		{F4941D3C-638A-4C09-8FAB-40F33E5C9A56}.Release|x86.ActiveCfg = Release|Win32
		{F4941D3C-638A-4C09-8FAB-40F33E5C9A56}.Release|x86.Build.0 = Release|Win32
		{E6ED44A5-5286-45F6-AB4F-CA85795066E2}.Debug|x64.ActiveCfg = Debug|x64
		{E6ED44A5-5286-45F6-AB4F-CA85795066E2}.Debug|x64.Build.0 = Debug|x64
		{E6ED44A5-5286-45F6-AB4F-CA85795066E2}.Debug|x86.ActiveCfg = Debug|Win32
		{E6ED44A5-5286-45F6-AB4F-CA85795066E2}.Debug|x86.Build.0 = Debug|Win32
		{E6ED44A5-5286-45F6-AB4F-CA85795066E2}.Release|x64.ActiveCfg = Release|x64
		{E6ED44A5-5286-45F6-AB4F-CA85795066E2}.Release|x64.Build.0 = Release|x64
		{E6ED44A5-5286-45F6-AB4F-CA85795066E2}.Release|x86.ActiveCfg = Release|Win32
		{E6ED44A5-5286-45F6-AB4F-CA85795066E2}.Release|x86.Build.0 = Release|Win32
		{D166F398-843D-47F8-8C6B-C31BF67F25B7}.Debug|x64.ActiveCfg = Debug|x64
		{D166F398-843D-47F8-8C6B-C31BF67F25B7}.Debug|x64.Build.0 = Debug|x64
		{D166F398-843D-47F8-8C6B-C31BF67F25B7}.Debug|x86.ActiveCfg = Debug|Win32
		{D166F398-843D-47F8-8C6B-C31BF67F25B7}.Debug|x86.Build.0 = Debug|Win32
		{D166F398-843D-47F8-8C6B-C31BF67F25B7}.Release|x64.ActiveCfg = Release|x64
		{D166F398-843D-47F8-8C6B-C31BF67F25B7}.Release|x64.Build.0 = Release|x64
		{D166F398-843D-47F8-8C6B-C31BF67F25B7}.Release|x86.ActiveCfg = Release|Win32
		{D166F398-843D-47F8-8C6B-C31BF67F25B7}.Release|x86.Build.0 = Release|Win32
		{99819892-0D4C-4B17-BE63-77A415DB186E}.Debug|x64.ActiveCfg = Debug|x64
		{99819892-0D4C-4B17-BE63-77A415DB186E}.Debug|x64.Build.0 = Debug|x64
		{99819892-0D4C-4B17-BE63-77A415DB186E}.Debug|x86.ActiveCfg = Debug|Win32
		{99819892-0D4C-4B17-BE63-77A415DB186E}.Debug|x86.Build.0 = Debug|Win32
		{99819892-0D4C-4B17-BE63-77A415DB186E}.Release|x64.ActiveCfg = Release|x64
		{99819892-0D4C-4B17-BE63-77A415DB186E}.Release|x64.Build.0 = Release|x64
		{99819892-0D4C-4B17-BE63-77A415DB186E}.Release|x86.ActiveCfg = Release|Win32
		{99819892-0D4C-4B17-BE63-77A415DB186E}.Release|x86.Build.0 = Release|Win32
		{4568AABD-C3B6-435F-BB11-0EABC6F5536A}.Debug|x64.ActiveCfg = Debug|x64
		{4568AABD-C3B6-435F-BB11-0EABC6F5536A}.Debug|x64.Build.0 = Debug|x64
		{4568AABD-C3B6-435F-BB11-0EABC6F5536A}.Debug|x86.ActiveCfg = Debug|Win32
		{4568AABD-C3B6-435F-BB11-0EABC6F5536A}.Debug|x86.Build.0 = Debug|Win32
		{4568AABD-C3B6-435F-BB11-0EABC6F5536A}.Release|x64.ActiveCfg = Release|x64
		{4568AABD-C3B6-435F-BB11-0EABC6F5536A}.Release|x64.Build.0 = Release|x64
		{4568AABD-C3B6-435F-BB11-0EABC6F5536A}.Release|x86.ActiveCfg = Release|Win32
		{4568AABD-C3B6-435F-BB11-0EABC6F5536A}.Release|x86.Build.0 = Release|Win32
		{138B60FE-8B4F-4FAA-ADD1-1EF658D4F3CD}.Debug|x64.ActiveCfg = Debug|x64
		{138B60FE-8B4F-4FAA-ADD1-1EF658D4F3CD}.Debug|x64.Build.0 = Debug|x64
		{138B60FE-8B4F-4FAA-ADD1-1EF658D4F3CD}.Debug|x86.ActiveCfg = Debug|Win32
		{138B60FE-8B4F-4FAA-ADD1-1EF658D4F3CD}.Debug|x86.Build.0 = Debug|Win32
		{138B60FE-8B4F-4FAA-ADD1-1EF658D4F3CD}.Release|x64.ActiveCfg = Release|x64
		{138B60FE-8B4F-4FAA-ADD1-1EF658D4F3CD}.Release|x64.Build.0 = Release|x64
		{138B60FE-8B4F-4FAA-ADD1-1EF658D4F3CD}.Release|x86.ActiveCfg = Release|Win32
		{138B60FE-8B4F-4FAA-ADD1-1EF658D4F3CD}.Release|x86.Build.0 = Release|Win32
		{3F1BA03B-10C1-4936-BB82-FC28E8D53AC5}.Debug|x64.ActiveCfg = Debug|x64
		{3F1BA03B-10C1-4936-BB82-FC28E8D53AC5}.Debug|x64.Build.0 = Debug|x64
		{3F1BA03B-10C1-4936-BB82-FC28E8D53AC5}.Debug|x86.ActiveCfg = Debug|Win32
		{3F1BA03B-10C1-4936-BB82-FC28E8D53AC5}.Debug|x86.Build.0 = Debug|Win32
		{3F1BA03B-10C1-4936-BB82-FC28E8D53AC5}.Release|x64.ActiveCfg = Release|x64
		{3F1BA03B-10C1-4936-BB82-FC28E8D53AC5}.Release|x64.Build.0 = Release|x64
		{3F1BA03B-10C1-4936-BB82-FC28E8D53AC5}.Release|x86.ActiveCfg = Release|Win32
		{3F1BA03B-10C1-4936-BB82-FC28E8D53AC5}.Release|x86.Build.0 = Release|Win32
		{0DDA0982-2F4D-42E1-A37C-88B84E5DF8F5}.Debug|x64.ActiveCfg = Debug|x64
		{0DDA0982-2F4D-42E1-A37C-88B84E5DF8F5}.Debug|x64.Build.0 = Debug|x64
		{0DDA0982-2F4D-42E1-A37C-88B84E5DF8F5}.Debug|x86.ActiveCfg = Debug|Win32
		{0DDA0982-2F4D-42E1-A37C-88B84E5DF8F5}.Debug|x86.Build.0 = Debug|Win32
		{0DDA0982-2F4D-42E1-A37C-88B84E5DF8F5}.Release|x64.ActiveCfg = Release|x64
		{0DDA0982-2F4D-42E1-A37C-88B84E5DF8F5}.Release|x64.Build.0 = Release|x64
		{0DDA0982-2F4D-42E1-A37C-88B84E5DF8F5}.Release|x86.ActiveCfg = Release|Win32
		{0DDA0982-2F4D-42E1-A37C-88B84E5DF8F5}.Release|x86.Build.0 = Release|Win32
		{0A98B0E9-B8E1-4C2B-A8CF-07EDD831F799}.Debug|x64.ActiveCfg = Debug|x64
		{0A98B0E9-B8E1-4C2B-A8CF-07EDD831F799}.Debug|x64.Build.0 = Debug|x64
		{0A98B0E9-B8E1-4C2B-A8CF-07EDD831F799}.Debug|x86.ActiveCfg = Debug|Win32
		{0A98B0E9-B8E1-4C2B-A8CF-07EDD831F799}.Debug|x86.Build.0 = Debug|Win32
		{0A98B0E9-B8E1-4C2B-A8CF-07EDD831F799}.Release|x64.ActiveCfg = Release|x64
		{0A98B0E9-B8E1-4C2B-A8CF-07EDD831F799}.Release|x64.Build.0 = Release|x64
		{0A98B0E9-B8E1-4C2B-A8CF-07EDD831F799}.Release|x86.ActiveCfg = Release|Win32
		{0A98B0E9-B8E1-4C2B-A8CF-07EDD831F799}.Release|x86.Build.0 = Release|Win32
		{92F5C80C-C271-40A1-993F-75DF4D4180F2}.Debug|x64.ActiveCfg = Debug|x64
		{92F5C80C-C271-40A1-993F-75DF4D4180F2}.Debug|x64.Build.0 = Debug|x64
		{92F5C80C-C271-40A1-993F-75DF4D4180F2}.Debug|x86.ActiveCfg = Debug|Win32
		{92F5C80C-C271-40A1-993F-75DF4D4180F2}.Debug|x86.Build.0 = Debug|Win32
		{92F5C80C-C271-40A1-993F-75DF4D4180F2}.Release|x64.ActiveCfg = Release|x64
		{92F5C80C-C271-40A1-993F-75DF4D4180F2}.Release|x64.Build.0 = Release|x64
		{92F5C80C-C271-40A1-993F-75DF4D4180F2}.Release|x86.ActiveCfg = Release|Win32
		{92F5C80C-C271-40A1-993F-75DF4D4180F2}.Release|x86.Build.0 = Release|Win32
		{D75576C3-5D2D-4B82-8A84-D53DC07E61EB}.Debug|x64.ActiveCfg = Debug|x64
		{D75576C3-5D2D-4B82-8A84-D53DC07E61EB}.Debug|x64.Build.0 = Debug|x64
		{D75576C3-5D2D-4B82-8A84-D53DC07E61EB}.Debug|x86.ActiveCfg = Debug|Win32
		{D75576C3-5D2D-4B82-8A84-D53DC07E61EB}.Debug|x86.Build.0 = Debug|Win32
		{D75576C3-5D2D-4B82-8A84-D53DC07E61EB}.Release|x64.ActiveCfg = Release|x64
		{D75576C3-5D2D-4B82-8A84-D53DC07E61EB}.Release|x64.Build.0 = Release|x64
		{D75576C3-5D2D-4B82-8A84-D53DC07E61EB}.Release|x86.ActiveCfg = Release|Win32
		{D75576C3-5D2D-4B82-8A84-D53DC07E61EB}.Release|x86.Build.0 = Release|Win32
		{77BDC33A-C1AD-470A-AE64-63ECFD7C7D51}.Debug|x64.ActiveCfg = Debug|x64
		{77BDC33A-C1AD-470A-AE64-63ECFD7C7D51}.Debug|x64.Build.0 = Debug|x64
		{77BDC33A-C1AD-470A-AE64-63ECFD7C7D51}.Debug|x86.ActiveCfg = Debug|Win32
		{77BDC33A-C1AD-470A-AE64-63ECFD7C7D51}.Debug|x86.Build.0 = Debug|Win32
		{77BDC33A-C1AD-470A-AE64-63ECFD7C7D51}.Release|x64.ActiveCfg = Release|x64
		{77BDC33A-C1AD-470A-AE64-63ECFD7C7D51}.Release|x64.Build.0 = Release|x64
		{77BDC33A-C1AD-470A-AE64-63ECFD7C7D51}.Release|x86.ActiveCfg = Release|Win32
		{77BDC33A-C1AD-470A-AE64-63ECFD7C7D51}.Release|x86.Build.0 = Release|Win32
		{788F23BF-4672-4095-BA06-98806C428EB1}.Debug|x64.ActiveCfg = Debug|x64
		{788F23BF-4672-4095-BA06-98806C428EB1}.Debug|x64.Build.0 = Debug|x64
		{788F23BF-4672-4095-BA06-98806C428EB1}.Debug|x86.ActiveCfg = Debug|Win32
		{788F23BF-4672-4095-BA06-98806C428EB1}.Debug|x86.Build.0 = Debug|Win32
		{788F23BF-4672-4095-BA06-98806C428EB1}.Release|x64.ActiveCfg = Release|x64
		{788F23BF-4672-4095-BA06-98806C428EB1}.Release|x64.Build.0 = Release|x64
		{788F23BF-4672-4095-BA06-98806C428EB1}.Release|x86.ActiveCfg = Release|Win32
		{788F23BF-4672-4095-BA06-98806C428EB1}.Release|x86.Build.0 = Release|Win32
		{F7619293-2A2D-49CE-904E-C9C580628955}.Debug|x64.ActiveCfg = Debug|x64
		{F7619293-2A2D-49CE-904E-C9C580628955}.Debug|x64.Build.0 = Debug|x64
		{F7619293-2A2D-49CE-904E-C9C580628955}.Debug|x86.ActiveCfg = Debug|Win32
		{F7619293-2A2D-49CE-904E-C9C580628955}.Debug|x86.Build.0 = Debug|Win32
		{F7619293-2A2D-49CE-904E-C9C580628955}.Release|x64.ActiveCfg = Release|x64
		{F7619293-2A2D-49CE-904E-C9C580628955}.Release|x64.Build.0 = Release|x64
		{F7619293-2A2D-49CE-904E-C9C580628955}.Release|x86.ActiveCfg = Release|Win32
		{F7619293-2A2D-49CE-904E-C9C580628955}.Release|x86.Build.0 = Release|Win32
		{AAB3D4FE-D1AD-42C0-B874-82B5B49E0BB1}.Debug|x64.ActiveCfg = Debug|x64
		{AAB3D4FE-D1AD-42C0-B874-82B5B49E0BB1}.Debug|x64.Build.0 = Debug|x64
		{AAB3D4FE-D1AD-42C0-B874-82B5B49E0BB1}.Debug|x86.ActiveCfg = Debug|Win32
		{AAB3D4FE-D1AD-42C0-B874-82B5B49E0BB1}.Debug|x86.Build.0 = Debug|Win32
		{AAB3D4FE-D1AD-42C0-B874-82B5B49E0BB1}.Release|x64.ActiveCfg = Release|x64
		{AAB3D4FE-D1AD-42C0-B874-82B5B49E0BB1}.Release|x64.Build.0 = Release|x64
		{AAB3D4FE-D1AD-42C0-B874-82B5B49E0BB1}.Release|x86.ActiveCfg = Release|Win32
		{AAB3D4FE-D1AD-42C0-B874-82B5B49E0BB1}.Release|x86.Build.0 = Release|Win32
		{CE877995-9605-4DEC-9E4F-58716C6E4B22}.Debug|x64.ActiveCfg = Debug|x64
		{CE877995-9605-4DEC-9E4F-58716C6E4B22}.Debug|x64.Build.0 = Debug|x64
		{CE877995-9605-4DEC-9E4F-58716C6E4B22}.Debug|x86.ActiveCfg = Debug|Win32
		{CE877995-9605-4DEC-9E4F-58716C6E4B22}.Debug|x86.Build.0 = Debug|Win32
		{CE877995-9605-4DEC-9E4F-58716C6E4B22}.Release|x64.ActiveCfg = Release|x64
		{CE877995-9605-4DEC-9E4F-58716C6E4B22}.Release|x64.Build.0 = Release|x64
		{CE877995-9605-4DEC-9E4F-58716C6E4B22}.Release|x86.ActiveCfg = Release|Win32
		{CE877995-9605-4DEC-9E4F-58716C6E4B22}.Release|x86.Build.0 = Release|Win32
		{9E86DA5D-B485-44F7-99B4-6DDE36609DFF}.Debug|x64.ActiveCfg = Debug|x64
		{9E86DA5D-B485-44F7-99B4-6DDE36609DFF}.Debug|x64.Build.0 = Debug|x64
		{9E86DA5D-B485-44F7-99B4-6DDE36609DFF}.Debug|x86.ActiveCfg = Debug|Win32
		{9E86DA5D-B485-44F7-99B4-6DDE36609DFF}.Debug|x86.Build.0 = Debug|Win32
		{9E86DA5D-B485-44F7-99B4-6DDE36609DFF}.Release|x64.ActiveCfg = Release|x64
		{9E86DA5D-B485-44F7-99B4-6DDE36609DFF}.Release|x64.Build.0 = Release|x64
		{9E86DA5D-B485-44F7-99B4-6DDE36609DFF}.Release|x86.ActiveCfg = Release|Win32
		{9E86DA5D-B485-44F7-99B4-6DDE36609DFF}.Release|x86.Build.0 = Release|Win32
		{8E2E0898-87BA-4B29-9E54-F2674A8CEDCF}.Debug|x64.ActiveCfg = Debug|x64
		{8E2E0898-87BA-4B29-9E54-F2674A8CEDCF}.Debug|x64.Build.0 = Debug|x64
		{8E2E0898-87BA-4B29-9E54-F2674A8CEDCF}.Debug|x86.ActiveCfg = Debug|Win32
		{8E2E0898-87BA-4B29-9E54-F2674A8CEDCF}.Debug|x86.Build.0 = Debug|Win32
		{8E2E0898-87BA-4B29-9E54-F2674A8CEDCF}.Release|x64.ActiveCfg = Release|x64
		{8E2E0898-87BA-4B29-9E54-F2674A8CEDCF}.Release|x64.Build.0 = Release|x64
		{8E2E0898-87BA-4B29-9E54-F2674A8CEDCF}.Release|x86.ActiveCfg = Release|Win32
		{8E2E0898-87BA-4B29-9E54-F2674A8CEDCF}.Release|x86.Build.0 = Release|Win32
		{B60F5796-CAED-45BD-96EB-CBFE1111E71C}.Debug|x64.ActiveCfg = Debug|x64
		{B60F5796-CAED-45BD-96EB-CBFE1111E71C}.Debug|x64.Build.0 = Debug|x64
		{B60F5796-CAED-45BD-96EB-CBFE1111E71C}.Debug|x86.ActiveCfg = Debug|Win32
		{B60F5796-CAED-45BD-96EB-CBFE1111E71C}.Debug|x86.Build.0 = Debug|Win32
		{B60F5796-CAED-45BD-96EB-CBFE1111E71C}.Release|x64.ActiveCfg = Release|x64
		{B60F5796-CAED-45BD-96EB-CBFE1111E71C}.Release|x64.Build.0 = Release|x64
		{B60F5796-CAED-45BD-96EB-CBFE1111E71C}.Release|x86.ActiveCfg = Release|Win32
		{B60F5796-CAED-45BD-96EB-CBFE1111E71C}.Release|x86.Build.0 = Release|Win32
	EndGlobalSection
	GlobalSection(SolutionProperties) = preSolution
		HideSolutionNode = FALSE
	EndGlobalSection
EndGlobal
