
Microsoft Visual Studio Solution File, Format Version 12.00
# Visual Studio 14
VisualStudioVersion = 14.0.25420.1
MinimumVisualStudioVersion = 10.0.40219.1
Project("{8BC9CEB8-8B4A-11D0-8D11-00A0C91BC942}") = "learn_tinyXml", "learn_tinyXml\learn_tinyXml.vcxproj", "{38AC45E2-DD28-417D-B16F-3FC08013935B}"
EndProject
Project("{8BC9CEB8-8B4A-11D0-8D11-00A0C91BC942}") = "tinyXml_version1", "tinyXml_version1\tinyXml_version1.vcxproj", "{3B246FC6-24AF-44D3-B581-D6525E5DF02C}"
EndProject
Project("{8BC9CEB8-8B4A-11D0-8D11-00A0C91BC942}") = "tinyXml_compile_demo", "tinyXml_compile_demo\tinyXml_compile_demo.vcxproj", "{D5937DDC-125D-4CF0-9F44-C725CCCAF41E}"
EndProject
Global
	GlobalSection(SolutionConfigurationPlatforms) = preSolution
		Debug|x64 = Debug|x64
		Debug|x86 = Debug|x86
		Release|x64 = Release|x64
		Release|x86 = Release|x86
	EndGlobalSection
	GlobalSection(ProjectConfigurationPlatforms) = postSolution
		{38AC45E2-DD28-417D-B16F-3FC08013935B}.Debug|x64.ActiveCfg = Debug|x64
		{38AC45E2-DD28-417D-B16F-3FC08013935B}.Debug|x64.Build.0 = Debug|x64
		{38AC45E2-DD28-417D-B16F-3FC08013935B}.Debug|x86.ActiveCfg = Debug|Win32
		{38AC45E2-DD28-417D-B16F-3FC08013935B}.Debug|x86.Build.0 = Debug|Win32
		{38AC45E2-DD28-417D-B16F-3FC08013935B}.Release|x64.ActiveCfg = Release|x64
		{38AC45E2-DD28-417D-B16F-3FC08013935B}.Release|x64.Build.0 = Release|x64
		{38AC45E2-DD28-417D-B16F-3FC08013935B}.Release|x86.ActiveCfg = Release|Win32
		{38AC45E2-DD28-417D-B16F-3FC08013935B}.Release|x86.Build.0 = Release|Win32
		{3B246FC6-24AF-44D3-B581-D6525E5DF02C}.Debug|x64.ActiveCfg = Debug|x64
		{3B246FC6-24AF-44D3-B581-D6525E5DF02C}.Debug|x64.Build.0 = Debug|x64
		{3B246FC6-24AF-44D3-B581-D6525E5DF02C}.Debug|x86.ActiveCfg = Debug|Win32
		{3B246FC6-24AF-44D3-B581-D6525E5DF02C}.Debug|x86.Build.0 = Debug|Win32
		{3B246FC6-24AF-44D3-B581-D6525E5DF02C}.Release|x64.ActiveCfg = Release|x64
		{3B246FC6-24AF-44D3-B581-D6525E5DF02C}.Release|x64.Build.0 = Release|x64
		{3B246FC6-24AF-44D3-B581-D6525E5DF02C}.Release|x86.ActiveCfg = Release|Win32
		{3B246FC6-24AF-44D3-B581-D6525E5DF02C}.Release|x86.Build.0 = Release|Win32
		{D5937DDC-125D-4CF0-9F44-C725CCCAF41E}.Debug|x64.ActiveCfg = Debug|x64
		{D5937DDC-125D-4CF0-9F44-C725CCCAF41E}.Debug|x64.Build.0 = Debug|x64
		{D5937DDC-125D-4CF0-9F44-C725CCCAF41E}.Debug|x86.ActiveCfg = Debug|Win32
		{D5937DDC-125D-4CF0-9F44-C725CCCAF41E}.Debug|x86.Build.0 = Debug|Win32
		{D5937DDC-125D-4CF0-9F44-C725CCCAF41E}.Release|x64.ActiveCfg = Release|x64
		{D5937DDC-125D-4CF0-9F44-C725CCCAF41E}.Release|x64.Build.0 = Release|x64
		{D5937DDC-125D-4CF0-9F44-C725CCCAF41E}.Release|x86.ActiveCfg = Release|Win32
		{D5937DDC-125D-4CF0-9F44-C725CCCAF41E}.Release|x86.Build.0 = Release|Win32
	EndGlobalSection
	GlobalSection(SolutionProperties) = preSolution
		HideSolutionNode = FALSE
	EndGlobalSection
EndGlobal
